
Microsoft Visual Studio Solution File, Format Version 12.00
# Visual Studio Version 17
VisualStudioVersion = 17.10.34818.151
MinimumVisualStudioVersion = 10.0.40219.1
Project("{FAE04EC0-301F-11D3-BF4B-00C04F79EFBC}") = "MachineTestPractise", "MachineTestPractise\MachineTestPractise.csproj", "{9A1DA04D-A370-4346-AECE-BCE835335AA9}"
EndProject
Global
	GlobalSection(SolutionConfigurationPlatforms) = preSolution
		Debug|Any CPU = Debug|Any CPU
		Release|Any CPU = Release|Any CPU
	EndGlobalSection
	GlobalSection(ProjectConfigurationPlatforms) = postSolution
		{9A1DA04D-A370-4346-AECE-BCE835335AA9}.Debug|Any CPU.ActiveCfg = Debug|Any CPU
		{9A1DA04D-A370-4346-AECE-BCE835335AA9}.Debug|Any CPU.Build.0 = Debug|Any CPU
		{9A1DA04D-A370-4346-AECE-BCE835335AA9}.Release|Any CPU.ActiveCfg = Release|Any CPU
		{9A1DA04D-A370-4346-AECE-BCE835335AA9}.Release|Any CPU.Build.0 = Release|Any CPU
	EndGlobalSection
	GlobalSection(SolutionProperties) = preSolution
		HideSolutionNode = FALSE
	EndGlobalSection
	GlobalSection(ExtensibilityGlobals) = postSolution
		SolutionGuid = {08A9510E-B763-4746-921B-2C7DB6573197}
	EndGlobalSection
EndGlobal
